
Microsoft Visual Studio Solution File, Format Version 12.00
# Visual Studio Version 16
VisualStudioVersion = 25.0.1705.0
MinimumVisualStudioVersion = 10.0.40219.1
Project("{FAE04EC0-301F-11D3-BF4B-00C04F79EFBC}") = "Deck of Cards API", "Deck of Cards API\Deck of Cards API.csproj", "{892247D6-E23A-4436-9130-41643A4EA0DA}"
EndProject
Global
	GlobalSection(SolutionConfigurationPlatforms) = preSolution
		Debug|Any CPU = Debug|Any CPU
		Release|Any CPU = Release|Any CPU
	EndGlobalSection
	GlobalSection(ProjectConfigurationPlatforms) = postSolution
		{892247D6-E23A-4436-9130-41643A4EA0DA}.Debug|Any CPU.ActiveCfg = Debug|Any CPU
		{892247D6-E23A-4436-9130-41643A4EA0DA}.Debug|Any CPU.Build.0 = Debug|Any CPU
		{892247D6-E23A-4436-9130-41643A4EA0DA}.Release|Any CPU.ActiveCfg = Release|Any CPU
		{892247D6-E23A-4436-9130-41643A4EA0DA}.Release|Any CPU.Build.0 = Release|Any CPU
	EndGlobalSection
	GlobalSection(SolutionProperties) = preSolution
		HideSolutionNode = FALSE
	EndGlobalSection
	GlobalSection(ExtensibilityGlobals) = postSolution
		SolutionGuid = {492BF1AF-4999-4436-B5AD-FF857B0B6831}
	EndGlobalSection
EndGlobal
